// !$*UTF8*$!
{
	archiveVersion = 1;
	classes = {
	};
	objectVersion = 46;
	objects = {

/* Begin PBXBuildFile section */
		FA49DF001F743ECF00C046E0 /* AppDelegate.swift in Sources */ = {isa = PBXBuildFile; fileRef = FA49DEFF1F743ECF00C046E0 /* AppDelegate.swift */; };
		FA49DF021F743ECF00C046E0 /* ViewController.swift in Sources */ = {isa = PBXBuildFile; fileRef = FA49DF011F743ECF00C046E0 /* ViewController.swift */; };
		FA49DF051F743ECF00C046E0 /* Main.storyboard in Resources */ = {isa = PBXBuildFile; fileRef = FA49DF031F743ECF00C046E0 /* Main.storyboard */; };
		FA49DF071F743ECF00C046E0 /* Assets.xcassets in Resources */ = {isa = PBXBuildFile; fileRef = FA49DF061F743ECF00C046E0 /* Assets.xcassets */; };
		FA49DF0A1F743ECF00C046E0 /* LaunchScreen.storyboard in Resources */ = {isa = PBXBuildFile; fileRef = FA49DF081F743ECF00C046E0 /* LaunchScreen.storyboard */; };
/* End PBXBuildFile section */

/* Begin PBXFileReference section */
		FA49DEFC1F743ECF00C046E0 /* Wayfinder.app */ = {isa = PBXFileReference; explicitFileType = wrapper.application; includeInIndex = 0; path = Wayfinder.app; sourceTree = BUILT_PRODUCTS_DIR; };
		FA49DEFF1F743ECF00C046E0 /* AppDelegate.swift */ = {isa = PBXFileReference; lastKnownFileType = sourcecode.swift; path = AppDelegate.swift; sourceTree = "<group>"; };
		FA49DF011F743ECF00C046E0 /* ViewController.swift */ = {isa = PBXFileReference; lastKnownFileType = sourcecode.swift; path = ViewController.swift; sourceTree = "<group>"; };
		FA49DF041F743ECF00C046E0 /* Base */ = {isa = PBXFileReference; lastKnownFileType = file.storyboard; name = Base; path = Base.lproj/Main.storyboard; sourceTree = "<group>"; };
		FA49DF061F743ECF00C046E0 /* Assets.xcassets */ = {isa = PBXFileReference; lastKnownFileType = folder.assetcatalog; path = Assets.xcassets; sourceTree = "<group>"; };
		FA49DF091F743ECF00C046E0 /* Base */ = {isa = PBXFileReference; lastKnownFileType = file.storyboard; name = Base; path = Base.lproj/LaunchScreen.storyboard; sourceTree = "<group>"; };
		FA49DF0B1F743ECF00C046E0 /* Info.plist */ = {isa = PBXFileReference; lastKnownFileType = text.plist.xml; path = Info.plist; sourceTree = "<group>"; };
/* End PBXFileReference section */

/* Begin PBXFrameworksBuildPhase section */
		FA49DEF91F743ECF00C046E0 /* Frameworks */ = {
			isa = PBXFrameworksBuildPhase;
			buildActionMask = 2147483647;
			files = (
			);
			runOnlyForDeploymentPostprocessing = 0;
		};
/* End PBXFrameworksBuildPhase section */

/* Begin PBXGroup section */
		FA49DEF31F743ECF00C046E0 = {
			isa = PBXGroup;
			children = (
				FA49DEFE1F743ECF00C046E0 /* Wayfinder */,
				FA49DEFD1F743ECF00C046E0 /* Products */,
			);
			sourceTree = "<group>";
		};
		FA49DEFD1F743ECF00C046E0 /* Products */ = {
			isa = PBXGroup;
			children = (
				FA49DEFC1F743ECF00C046E0 /* Wayfinder.app */,
			);
			name = Products;
			sourceTree = "<group>";
		};
		FA49DEFE1F743ECF00C046E0 /* Wayfinder */ = {
			isa = PBXGroup;
			children = (
				FA49DEFF1F743ECF00C046E0 /* AppDelegate.swift */,
				FA49DF011F743ECF00C046E0 /* ViewController.swift */,
				FA49DF031F743ECF00C046E0 /* Main.storyboard */,
				FA49DF061F743ECF00C046E0 /* Assets.xcassets */,
				FA49DF081F743ECF00C046E0 /* LaunchScreen.storyboard */,
				FA49DF0B1F743ECF00C046E0 /* Info.plist */,
			);
			path = Wayfinder;
			sourceTree = "<group>";
		};
/* End PBXGroup section */

/* Begin PBXNativeTarget section */
		FA49DEFB1F743ECF00C046E0 /* Wayfinder */ = {
			isa = PBXNativeTarget;
			buildConfigurationList = FA49DF0E1F743ECF00C046E0 /* Build configuration list for PBXNativeTarget "Wayfinder" */;
			buildPhases = (
				FA49DEF81F743ECF00C046E0 /* Sources */,
				FA49DEF91F743ECF00C046E0 /* Frameworks */,
				FA49DEFA1F743ECF00C046E0 /* Resources */,
			);
			buildRules = (
			);
			dependencies = (
			);
			name = Wayfinder;
			productName = Wayfinder;
			productReference = FA49DEFC1F743ECF00C046E0 /* Wayfinder.app */;
			productType = "com.apple.product-type.application";
		};
/* End PBXNativeTarget section */

/* Begin PBXProject section */
		FA49DEF41F743ECF00C046E0 /* Project object */ = {
			isa = PBXProject;
			attributes = {
				LastSwiftUpdateCheck = 0830;
				LastUpgradeCheck = 0830;
				ORGANIZATIONNAME = "Alex Schwartz";
				TargetAttributes = {
					FA49DEFB1F743ECF00C046E0 = {
						CreatedOnToolsVersion = 8.3.3;
						DevelopmentTeam = JS9K7LS56Q;
						ProvisioningStyle = Automatic;
					};
				};
			};
			buildConfigurationList = FA49DEF71F743ECF00C046E0 /* Build configuration list for PBXProject "Wayfinder" */;
			compatibilityVersion = "Xcode 3.2";
			developmentRegion = English;
			hasScannedForEncodings = 0;
			knownRegions = (
				en,
				Base,
			);
			mainGroup = FA49DEF31F743ECF00C046E0;
			productRefGroup = FA49DEFD1F743ECF00C046E0 /* Products */;
			projectDirPath = "";
			projectRoot = "";
			targets = (
				FA49DEFB1F743ECF00C046E0 /* Wayfinder */,
			);
		};
/* End PBXProject section */

/* Begin PBXResourcesBuildPhase section */
		FA49DEFA1F743ECF00C046E0 /* Resources */ = {
			isa = PBXResourcesBuildPhase;
			buildActionMask = 2147483647;
			files = (
				FA49DF0A1F743ECF00C046E0 /* LaunchScreen.storyboard in Resources */,
				FA49DF071F743ECF00C046E0 /* Assets.xcassets in Resources */,
				FA49DF051F743ECF00C046E0 /* Main.storyboard in Resources */,
			);
			runOnlyForDeploymentPostprocessing = 0;
		};
/* End PBXResourcesBuildPhase section */

/* Begin PBXSourcesBuildPhase section */
		FA49DEF81F743ECF00C046E0 /* Sources */ = {
			isa = PBXSourcesBuildPhase;
			buildActionMask = 2147483647;
			files = (
				FA49DF021F743ECF00C046E0 /* ViewController.swift in Sources */,
				FA49DF001F743ECF00C046E0 /* AppDelegate.swift in Sources */,
			);
			runOnlyForDeploymentPostprocessing = 0;
		};
/* End PBXSourcesBuildPhase section */

/* Begin PBXVariantGroup section */
		FA49DF031F743ECF00C046E0 /* Main.storyboard */ = {
			isa = PBXVariantGroup;
			children = (
				FA49DF041F743ECF00C046E0 /* Base */,
			);
			name = Main.storyboard;
			sourceTree = "<group>";
		};
		FA49DF081F743ECF00C046E0 /* LaunchScreen.storyboard */ = {
			isa = PBXVariantGroup;
			children = (
				FA49DF091F743ECF00C046E0 /* Base */,
			);
			name = LaunchScreen.storyboard;
			sourceTree = "<group>";
		};
/* End PBXVariantGroup section */

/* Begin XCBuildConfiguration section */
		FA49DF0C1F743ECF00C046E0 /* Debug */ = {
			isa = XCBuildConfiguration;
			buildSettings = {
				ALWAYS_SEARCH_USER_PATHS = NO;
				CLANG_ANALYZER_NONNULL = YES;
				CLANG_ANALYZER_NUMBER_OBJECT_CONVERSION = YES_AGGRESSIVE;
				CLANG_CXX_LANGUAGE_STANDARD = "gnu++0x";
				CLANG_CXX_LIBRARY = "libc++";
				CLANG_ENABLE_MODULES = YES;
				CLANG_ENABLE_OBJC_ARC = YES;
				CLANG_WARN_BOOL_CONVERSION = YES;
				CLANG_WARN_CONSTANT_CONVERSION = YES;
				CLANG_WARN_DIRECT_OBJC_ISA_USAGE = YES_ERROR;
				CLANG_WARN_DOCUMENTATION_COMMENTS = YES;
				CLANG_WARN_EMPTY_BODY = YES;
				CLANG_WARN_ENUM_CONVERSION = YES;
				CLANG_WARN_INFINITE_RECURSION = YES;
				CLANG_WARN_INT_CONVERSION = YES;
				CLANG_WARN_OBJC_ROOT_CLASS = YES_ERROR;
				CLANG_WARN_SUSPICIOUS_MOVE = YES;
				CLANG_WARN_UNREACHABLE_CODE = YES;
				CLANG_WARN__DUPLICATE_METHOD_MATCH = YES;
				"CODE_SIGN_IDENTITY[sdk=iphoneos*]" = "iPhone Developer";
				COPY_PHASE_STRIP = NO;
				DEBUG_INFORMATION_FORMAT = dwarf;
				ENABLE_STRICT_OBJC_MSGSEND = YES;
				ENABLE_TESTABILITY = YES;
				GCC_C_LANGUAGE_STANDARD = gnu99;
				GCC_DYNAMIC_NO_PIC = NO;
				GCC_NO_COMMON_BLOCKS = YES;
				GCC_OPTIMIZATION_LEVEL = 0;
				GCC_PREPROCESSOR_DEFINITIONS = (
					"DEBUG=1",
					"$(inherited)",
				);
				GCC_WARN_64_TO_32_BIT_CONVERSION = YES;
				GCC_WARN_ABOUT_RETURN_TYPE = YES_ERROR;
				GCC_WARN_UNDECLARED_SELECTOR = YES;
				GCC_WARN_UNINITIALIZED_AUTOS = YES_AGGRESSIVE;
				GCC_WARN_UNUSED_FUNCTION = YES;
				GCC_WARN_UNUSED_VARIABLE = YES;
				IPHONEOS_DEPLOYMENT_TARGET = 10.3;
				MTL_ENABLE_DEBUG_INFO = YES;
				ONLY_ACTIVE_ARCH = YES;
				SDKROOT = iphoneos;
				SWIFT_ACTIVE_COMPILATION_CONDITIONS = DEBUG;
				SWIFT_OPTIMIZATION_LEVEL = "-Onone";
			};
			name = Debug;
		};
		FA49DF0D1F743ECF00C046E0 /* Release */ = {
			isa = XCBuildConfiguration;
			buildSettings = {
				ALWAYS_SEARCH_USER_PATHS = NO;
				CLANG_ANALYZER_NONNULL = YES;
				CLANG_ANALYZER_NUMBER_OBJECT_CONVERSION = YES_AGGRESSIVE;
				CLANG_CXX_LANGUAGE_STANDARD = "gnu++0x";
				CLANG_CXX_LIBRARY = "libc++";
				CLANG_ENABLE_MODULES = YES;
				CLANG_ENABLE_OBJC_ARC = YES;
				CLANG_WARN_BOOL_CONVERSION = YES;
				CLANG_WARN_CONSTANT_CONVERSION = YES;
				CLANG_WARN_DIRECT_OBJC_ISA_USAGE = YES_ERROR;
				CLANG_WARN_DOCUMENTATION_COMMENTS = YES;
				CLANG_WARN_EMPTY_BODY = YES;
				CLANG_WARN_ENUM_CONVERSION = YES;
				CLANG_WARN_INFINITE_RECURSION = YES;
				CLANG_WARN_INT_CONVERSION = YES;
				CLANG_WARN_OBJC_ROOT_CLASS = YES_ERROR;
				CLANG_WARN_SUSPICIOUS_MOVE = YES;
				CLANG_WARN_UNREACHABLE_CODE = YES;
				CLANG_WARN__DUPLICATE_METHOD_MATCH = YES;
				"CODE_SIGN_IDENTITY[sdk=iphoneos*]" = "iPhone Developer";
				COPY_PHASE_STRIP = NO;
				DEBUG_INFORMATION_FORMAT = "dwarf-with-dsym";
				ENABLE_NS_ASSERTIONS = NO;
				ENABLE_STRICT_OBJC_MSGSEND = YES;
				GCC_C_LANGUAGE_STANDARD = gnu99;
				GCC_NO_COMMON_BLOCKS = YES;
				GCC_WARN_64_TO_32_BIT_CONVERSION = YES;
				GCC_WARN_ABOUT_RETURN_TYPE = YES_ERROR;
				GCC_WARN_UNDECLARED_SELECTOR = YES;
				GCC_WARN_UNINITIALIZED_AUTOS = YES_AGGRESSIVE;
				GCC_WARN_UNUSED_FUNCTION = YES;
				GCC_WARN_UNUSED_VARIABLE = YES;
				IPHONEOS_DEPLOYMENT_TARGET = 10.3;
				MTL_ENABLE_DEBUG_INFO = NO;
				SDKROOT = iphoneos;
				SWIFT_OPTIMIZATION_LEVEL = "-Owholemodule";
				VALIDATE_PRODUCT = YES;
			};
			name = Release;
		};
		FA49DF0F1F743ECF00C046E0 /* Debug */ = {
			isa = XCBuildConfiguration;
			buildSettings = {
				ASSETCATALOG_COMPILER_APPICON_NAME = AppIcon;
				DEVELOPMENT_TEAM = JS9K7LS56Q;
				INFOPLIST_FILE = Wayfinder/Info.plist;
				LD_RUNPATH_SEARCH_PATHS = "$(inherited) @executable_path/Frameworks";
				PRODUCT_BUNDLE_IDENTIFIER = schwartz.Wayfinder;
				PRODUCT_NAME = "$(TARGET_NAME)";
				SWIFT_VERSION = 3.0;
			};
			name = Debug;
		};
		FA49DF101F743ECF00C046E0 /* Release */ = {
			isa = XCBuildConfiguration;
			buildSettings = {
				ASSETCATALOG_COMPILER_APPICON_NAME = AppIcon;
				DEVELOPMENT_TEAM = JS9K7LS56Q;
				INFOPLIST_FILE = Wayfinder/Info.plist;
				LD_RUNPATH_SEARCH_PATHS = "$(inherited) @executable_path/Frameworks";
				PRODUCT_BUNDLE_IDENTIFIER = schwartz.Wayfinder;
				PRODUCT_NAME = "$(TARGET_NAME)";
				SWIFT_VERSION = 3.0;
			};
			name = Release;
		};
/* End XCBuildConfiguration section */

/* Begin XCConfigurationList section */
		FA49DEF71F743ECF00C046E0 /* Build configuration list for PBXProject "Wayfinder" */ = {
			isa = XCConfigurationList;
			buildConfigurations = (
				FA49DF0C1F743ECF00C046E0 /* Debug */,
				FA49DF0D1F743ECF00C046E0 /* Release */,
			);
			defaultConfigurationIsVisible = 0;
			defaultConfigurationName = Release;
		};
		FA49DF0E1F743ECF00C046E0 /* Build configuration list for PBXNativeTarget "Wayfinder" */ = {
			isa = XCConfigurationList;
			buildConfigurations = (
				FA49DF0F1F743ECF00C046E0 /* Debug */,
				FA49DF101F743ECF00C046E0 /* Release */,
			);
			defaultConfigurationIsVisible = 0;
			defaultConfigurationName = Release;
		};
/* End XCConfigurationList section */
	};
	rootObject = FA49DEF41F743ECF00C046E0 /* Project object */;
}
